
Microsoft Visual Studio Solution File, Format Version 12.00
# Visual Studio Version 17
VisualStudioVersion = 17.6.33801.468
MinimumVisualStudioVersion = 10.0.40219.1
Project("{FAE04EC0-301F-11D3-BF4B-00C04F79EFBC}") = "nserve", "nserve.csproj", "{9C4F50E8-D054-4069-8CF0-559443C7D078}"
EndProject
Global
	GlobalSection(SolutionConfigurationPlatforms) = preSolution
		Debug|Any CPU = Debug|Any CPU
		Release|Any CPU = Release|Any CPU
	EndGlobalSection
	GlobalSection(ProjectConfigurationPlatforms) = postSolution
		{9C4F50E8-D054-4069-8CF0-559443C7D078}.Debug|Any CPU.ActiveCfg = Debug|Any CPU
		{9C4F50E8-D054-4069-8CF0-559443C7D078}.Debug|Any CPU.Build.0 = Debug|Any CPU
		{9C4F50E8-D054-4069-8CF0-559443C7D078}.Release|Any CPU.ActiveCfg = Release|Any CPU
		{9C4F50E8-D054-4069-8CF0-559443C7D078}.Release|Any CPU.Build.0 = Release|Any CPU
	EndGlobalSection
	GlobalSection(SolutionProperties) = preSolution
		HideSolutionNode = FALSE
	EndGlobalSection
	GlobalSection(ExtensibilityGlobals) = postSolution
		SolutionGuid = {F29BC6B2-D0B9-4126-BED3-1AE7A63175C3}
	EndGlobalSection
EndGlobal
